
Microsoft Visual Studio Solution File, Format Version 12.00
# Visual Studio Version 17
VisualStudioVersion = 17.14.36603.0 d17.14
MinimumVisualStudioVersion = 10.0.40219.1
Project("{FAE04EC0-301F-11D3-BF4B-00C04F79EFBC}") = "sistemaVeterinario", "sistemaVeterinario.csproj", "{2AD82E6B-B09C-496F-9A47-A3EF8B0BC31E}"
EndProject
Global
	GlobalSection(SolutionConfigurationPlatforms) = preSolution
		Debug|Any CPU = Debug|Any CPU
		Release|Any CPU = Release|Any CPU
	EndGlobalSection
	GlobalSection(ProjectConfigurationPlatforms) = postSolution
		{2AD82E6B-B09C-496F-9A47-A3EF8B0BC31E}.Debug|Any CPU.ActiveCfg = Debug|Any CPU
		{2AD82E6B-B09C-496F-9A47-A3EF8B0BC31E}.Debug|Any CPU.Build.0 = Debug|Any CPU
		{2AD82E6B-B09C-496F-9A47-A3EF8B0BC31E}.Release|Any CPU.ActiveCfg = Release|Any CPU
		{2AD82E6B-B09C-496F-9A47-A3EF8B0BC31E}.Release|Any CPU.Build.0 = Release|Any CPU
	EndGlobalSection
	GlobalSection(SolutionProperties) = preSolution
		HideSolutionNode = FALSE
	EndGlobalSection
	GlobalSection(ExtensibilityGlobals) = postSolution
		SolutionGuid = {6E3D5ECA-16E9-4B5E-ACDA-7C0D668A388A}
	EndGlobalSection
EndGlobal
